// !$*UTF8*$!
{
	archiveVersion = 1;
	classes = {
	};
	objectVersion = 50;
	objects = {

/* Begin PBXBuildFile section */
		C41D79D8FF94927768F01E0F /* Pods_GiniChallengeTests.framework in Frameworks */ = {isa = PBXBuildFile; fileRef = 27EE4F1AF6846AD51ED24AB0 /* Pods_GiniChallengeTests.framework */; };
		D7A6A15D0FA945C0D0B18D28 /* Pods_GiniChallenge.framework in Frameworks */ = {isa = PBXBuildFile; fileRef = 862BD2BEEE5154FD632038D6 /* Pods_GiniChallenge.framework */; };
		E319348020949B0F0047956F /* AppDelegate.swift in Sources */ = {isa = PBXBuildFile; fileRef = E319347F20949B0F0047956F /* AppDelegate.swift */; };
		E319348520949B0F0047956F /* Main.storyboard in Resources */ = {isa = PBXBuildFile; fileRef = E319348320949B0F0047956F /* Main.storyboard */; };
		E319348820949B0F0047956F /* GiniChallenge.xcdatamodeld in Sources */ = {isa = PBXBuildFile; fileRef = E319348620949B0F0047956F /* GiniChallenge.xcdatamodeld */; };
		E319348A20949B100047956F /* Assets.xcassets in Resources */ = {isa = PBXBuildFile; fileRef = E319348920949B100047956F /* Assets.xcassets */; };
		E319348D20949B100047956F /* LaunchScreen.storyboard in Resources */ = {isa = PBXBuildFile; fileRef = E319348B20949B100047956F /* LaunchScreen.storyboard */; };
		E319349820949B110047956F /* GiniChallengeTests.swift in Sources */ = {isa = PBXBuildFile; fileRef = E319349720949B110047956F /* GiniChallengeTests.swift */; };
		E31934A42094A21D0047956F /* ImagesService.swift in Sources */ = {isa = PBXBuildFile; fileRef = E31934A32094A21D0047956F /* ImagesService.swift */; };
		E31934A92094A9AD0047956F /* Cat.swift in Sources */ = {isa = PBXBuildFile; fileRef = E31934A82094A9AD0047956F /* Cat.swift */; };
		E31934AC2094BA3A0047956F /* CatPicturesPresenter.swift in Sources */ = {isa = PBXBuildFile; fileRef = E31934AB2094BA390047956F /* CatPicturesPresenter.swift */; };
		E31934AF2094D0A50047956F /* CatPicturesViewController.swift in Sources */ = {isa = PBXBuildFile; fileRef = E31934AE2094D0A50047956F /* CatPicturesViewController.swift */; };
		E3D0C7DD2094D9EF0032DB68 /* CatCollectionViewCell.swift in Sources */ = {isa = PBXBuildFile; fileRef = E3D0C7DC2094D9EF0032DB68 /* CatCollectionViewCell.swift */; };
		E3D0C7DF2095E2F60032DB68 /* PersistantService.swift in Sources */ = {isa = PBXBuildFile; fileRef = E3D0C7DE2095E2F60032DB68 /* PersistantService.swift */; };
/* End PBXBuildFile section */

/* Begin PBXContainerItemProxy section */
		E319349420949B110047956F /* PBXContainerItemProxy */ = {
			isa = PBXContainerItemProxy;
			containerPortal = E319347420949B0F0047956F /* Project object */;
			proxyType = 1;
			remoteGlobalIDString = E319347B20949B0F0047956F;
			remoteInfo = GiniChallenge;
		};
/* End PBXContainerItemProxy section */

/* Begin PBXFileReference section */
		12CFF19AAFB3178AD1B2F916 /* Pods-GiniChallenge.debug.xcconfig */ = {isa = PBXFileReference; includeInIndex = 1; lastKnownFileType = text.xcconfig; name = "Pods-GiniChallenge.debug.xcconfig"; path = "Pods/Target Support Files/Pods-GiniChallenge/Pods-GiniChallenge.debug.xcconfig"; sourceTree = "<group>"; };
		27EE4F1AF6846AD51ED24AB0 /* Pods_GiniChallengeTests.framework */ = {isa = PBXFileReference; explicitFileType = wrapper.framework; includeInIndex = 0; path = Pods_GiniChallengeTests.framework; sourceTree = BUILT_PRODUCTS_DIR; };
		6498B110D41C52E5127390D9 /* Pods-GiniChallengeTests.release.xcconfig */ = {isa = PBXFileReference; includeInIndex = 1; lastKnownFileType = text.xcconfig; name = "Pods-GiniChallengeTests.release.xcconfig"; path = "Pods/Target Support Files/Pods-GiniChallengeTests/Pods-GiniChallengeTests.release.xcconfig"; sourceTree = "<group>"; };
		6BC5DC7BF69E73990293D147 /* Pods-GiniChallenge.release.xcconfig */ = {isa = PBXFileReference; includeInIndex = 1; lastKnownFileType = text.xcconfig; name = "Pods-GiniChallenge.release.xcconfig"; path = "Pods/Target Support Files/Pods-GiniChallenge/Pods-GiniChallenge.release.xcconfig"; sourceTree = "<group>"; };
		862BD2BEEE5154FD632038D6 /* Pods_GiniChallenge.framework */ = {isa = PBXFileReference; explicitFileType = wrapper.framework; includeInIndex = 0; path = Pods_GiniChallenge.framework; sourceTree = BUILT_PRODUCTS_DIR; };
		BF5DEE6F5EA3631AC7F302C7 /* Pods-GiniChallengeTests.debug.xcconfig */ = {isa = PBXFileReference; includeInIndex = 1; lastKnownFileType = text.xcconfig; name = "Pods-GiniChallengeTests.debug.xcconfig"; path = "Pods/Target Support Files/Pods-GiniChallengeTests/Pods-GiniChallengeTests.debug.xcconfig"; sourceTree = "<group>"; };
		E319347C20949B0F0047956F /* GiniChallenge.app */ = {isa = PBXFileReference; explicitFileType = wrapper.application; includeInIndex = 0; path = GiniChallenge.app; sourceTree = BUILT_PRODUCTS_DIR; };
		E319347F20949B0F0047956F /* AppDelegate.swift */ = {isa = PBXFileReference; lastKnownFileType = sourcecode.swift; path = AppDelegate.swift; sourceTree = "<group>"; };
		E319348420949B0F0047956F /* Base */ = {isa = PBXFileReference; lastKnownFileType = file.storyboard; name = Base; path = Base.lproj/Main.storyboard; sourceTree = "<group>"; };
		E319348720949B0F0047956F /* GiniChallenge.xcdatamodel */ = {isa = PBXFileReference; lastKnownFileType = wrapper.xcdatamodel; path = GiniChallenge.xcdatamodel; sourceTree = "<group>"; };
		E319348920949B100047956F /* Assets.xcassets */ = {isa = PBXFileReference; lastKnownFileType = folder.assetcatalog; path = Assets.xcassets; sourceTree = "<group>"; };
		E319348C20949B100047956F /* Base */ = {isa = PBXFileReference; lastKnownFileType = file.storyboard; name = Base; path = Base.lproj/LaunchScreen.storyboard; sourceTree = "<group>"; };
		E319348E20949B100047956F /* Info.plist */ = {isa = PBXFileReference; lastKnownFileType = text.plist.xml; path = Info.plist; sourceTree = "<group>"; };
		E319349320949B110047956F /* GiniChallengeTests.xctest */ = {isa = PBXFileReference; explicitFileType = wrapper.cfbundle; includeInIndex = 0; path = GiniChallengeTests.xctest; sourceTree = BUILT_PRODUCTS_DIR; };
		E319349720949B110047956F /* GiniChallengeTests.swift */ = {isa = PBXFileReference; lastKnownFileType = sourcecode.swift; path = GiniChallengeTests.swift; sourceTree = "<group>"; };
		E319349920949B110047956F /* Info.plist */ = {isa = PBXFileReference; lastKnownFileType = text.plist.xml; path = Info.plist; sourceTree = "<group>"; };
		E31934A32094A21D0047956F /* ImagesService.swift */ = {isa = PBXFileReference; lastKnownFileType = sourcecode.swift; path = ImagesService.swift; sourceTree = "<group>"; };
		E31934A82094A9AD0047956F /* Cat.swift */ = {isa = PBXFileReference; lastKnownFileType = sourcecode.swift; path = Cat.swift; sourceTree = "<group>"; };
		E31934AB2094BA390047956F /* CatPicturesPresenter.swift */ = {isa = PBXFileReference; lastKnownFileType = sourcecode.swift; path = CatPicturesPresenter.swift; sourceTree = "<group>"; };
		E31934AE2094D0A50047956F /* CatPicturesViewController.swift */ = {isa = PBXFileReference; lastKnownFileType = sourcecode.swift; path = CatPicturesViewController.swift; sourceTree = "<group>"; };
		E3D0C7DC2094D9EF0032DB68 /* CatCollectionViewCell.swift */ = {isa = PBXFileReference; lastKnownFileType = sourcecode.swift; path = CatCollectionViewCell.swift; sourceTree = "<group>"; };
		E3D0C7DE2095E2F60032DB68 /* PersistantService.swift */ = {isa = PBXFileReference; lastKnownFileType = sourcecode.swift; path = PersistantService.swift; sourceTree = "<group>"; };
/* End PBXFileReference section */

/* Begin PBXFrameworksBuildPhase section */
		E319347920949B0F0047956F /* Frameworks */ = {
			isa = PBXFrameworksBuildPhase;
			buildActionMask = 2147483647;
			files = (
				D7A6A15D0FA945C0D0B18D28 /* Pods_GiniChallenge.framework in Frameworks */,
			);
			runOnlyForDeploymentPostprocessing = 0;
		};
		E319349020949B110047956F /* Frameworks */ = {
			isa = PBXFrameworksBuildPhase;
			buildActionMask = 2147483647;
			files = (
				C41D79D8FF94927768F01E0F /* Pods_GiniChallengeTests.framework in Frameworks */,
			);
			runOnlyForDeploymentPostprocessing = 0;
		};
/* End PBXFrameworksBuildPhase section */

/* Begin PBXGroup section */
		B48814910F5225053BD32B4C /* Frameworks */ = {
			isa = PBXGroup;
			children = (
				862BD2BEEE5154FD632038D6 /* Pods_GiniChallenge.framework */,
				27EE4F1AF6846AD51ED24AB0 /* Pods_GiniChallengeTests.framework */,
			);
			name = Frameworks;
			sourceTree = "<group>";
		};
		DB9D54E14FCE81730BACFA99 /* Pods */ = {
			isa = PBXGroup;
			children = (
				12CFF19AAFB3178AD1B2F916 /* Pods-GiniChallenge.debug.xcconfig */,
				6BC5DC7BF69E73990293D147 /* Pods-GiniChallenge.release.xcconfig */,
				BF5DEE6F5EA3631AC7F302C7 /* Pods-GiniChallengeTests.debug.xcconfig */,
				6498B110D41C52E5127390D9 /* Pods-GiniChallengeTests.release.xcconfig */,
			);
			name = Pods;
			sourceTree = "<group>";
		};
		E319347320949B0F0047956F = {
			isa = PBXGroup;
			children = (
				E319347E20949B0F0047956F /* GiniChallenge */,
				E319349620949B110047956F /* GiniChallengeTests */,
				E319347D20949B0F0047956F /* Products */,
				DB9D54E14FCE81730BACFA99 /* Pods */,
				B48814910F5225053BD32B4C /* Frameworks */,
			);
			sourceTree = "<group>";
		};
		E319347D20949B0F0047956F /* Products */ = {
			isa = PBXGroup;
			children = (
				E319347C20949B0F0047956F /* GiniChallenge.app */,
				E319349320949B110047956F /* GiniChallengeTests.xctest */,
			);
			name = Products;
			sourceTree = "<group>";
		};
		E319347E20949B0F0047956F /* GiniChallenge */ = {
			isa = PBXGroup;
			children = (
				E31934AD2094D08A0047956F /* Views */,
				E31934AA2094BA010047956F /* Presenters */,
				E31934A72094A9A40047956F /* Models */,
				E31934A22094A09F0047956F /* Services */,
				E319347F20949B0F0047956F /* AppDelegate.swift */,
				E319348320949B0F0047956F /* Main.storyboard */,
				E319348920949B100047956F /* Assets.xcassets */,
				E319348B20949B100047956F /* LaunchScreen.storyboard */,
				E319348E20949B100047956F /* Info.plist */,
				E319348620949B0F0047956F /* GiniChallenge.xcdatamodeld */,
			);
			path = GiniChallenge;
			sourceTree = "<group>";
		};
		E319349620949B110047956F /* GiniChallengeTests */ = {
			isa = PBXGroup;
			children = (
				E319349720949B110047956F /* GiniChallengeTests.swift */,
				E319349920949B110047956F /* Info.plist */,
			);
			path = GiniChallengeTests;
			sourceTree = "<group>";
		};
		E31934A22094A09F0047956F /* Services */ = {
			isa = PBXGroup;
			children = (
				E31934A32094A21D0047956F /* ImagesService.swift */,
				E3D0C7DE2095E2F60032DB68 /* PersistantService.swift */,
			);
			path = Services;
			sourceTree = "<group>";
		};
		E31934A72094A9A40047956F /* Models */ = {
			isa = PBXGroup;
			children = (
				E31934A82094A9AD0047956F /* Cat.swift */,
			);
			path = Models;
			sourceTree = "<group>";
		};
		E31934AA2094BA010047956F /* Presenters */ = {
			isa = PBXGroup;
			children = (
				E31934AB2094BA390047956F /* CatPicturesPresenter.swift */,
			);
			path = Presenters;
			sourceTree = "<group>";
		};
		E31934AD2094D08A0047956F /* Views */ = {
			isa = PBXGroup;
			children = (
				E3D0C7DB2094D9DB0032DB68 /* Cells */,
				E31934AE2094D0A50047956F /* CatPicturesViewController.swift */,
			);
			path = Views;
			sourceTree = "<group>";
		};
		E3D0C7DB2094D9DB0032DB68 /* Cells */ = {
			isa = PBXGroup;
			children = (
				E3D0C7DC2094D9EF0032DB68 /* CatCollectionViewCell.swift */,
			);
			path = Cells;
			sourceTree = "<group>";
		};
/* End PBXGroup section */

/* Begin PBXNativeTarget section */
		E319347B20949B0F0047956F /* GiniChallenge */ = {
			isa = PBXNativeTarget;
			buildConfigurationList = E319349C20949B110047956F /* Build configuration list for PBXNativeTarget "GiniChallenge" */;
			buildPhases = (
				7EE24F163AD39494A3B1E461 /* [CP] Check Pods Manifest.lock */,
				E319347820949B0F0047956F /* Sources */,
				E319347920949B0F0047956F /* Frameworks */,
				E319347A20949B0F0047956F /* Resources */,
				4861801D2861BDC2A595ABF3 /* [CP] Embed Pods Frameworks */,
			);
			buildRules = (
			);
			dependencies = (
			);
			name = GiniChallenge;
			productName = GiniChallenge;
			productReference = E319347C20949B0F0047956F /* GiniChallenge.app */;
			productType = "com.apple.product-type.application";
		};
		E319349220949B110047956F /* GiniChallengeTests */ = {
			isa = PBXNativeTarget;
			buildConfigurationList = E319349F20949B110047956F /* Build configuration list for PBXNativeTarget "GiniChallengeTests" */;
			buildPhases = (
				A65696D2C5015DBBBFC4BEDB /* [CP] Check Pods Manifest.lock */,
				E319348F20949B110047956F /* Sources */,
				E319349020949B110047956F /* Frameworks */,
				E319349120949B110047956F /* Resources */,
			);
			buildRules = (
			);
			dependencies = (
				E319349520949B110047956F /* PBXTargetDependency */,
			);
			name = GiniChallengeTests;
			productName = GiniChallengeTests;
			productReference = E319349320949B110047956F /* GiniChallengeTests.xctest */;
			productType = "com.apple.product-type.bundle.unit-test";
		};
/* End PBXNativeTarget section */

/* Begin PBXProject section */
		E319347420949B0F0047956F /* Project object */ = {
			isa = PBXProject;
			attributes = {
				LastSwiftUpdateCheck = 0930;
				LastUpgradeCheck = 0930;
				ORGANIZATIONNAME = "Adolf Jurgens";
				TargetAttributes = {
					E319347B20949B0F0047956F = {
						CreatedOnToolsVersion = 9.3;
					};
					E319349220949B110047956F = {
						CreatedOnToolsVersion = 9.3;
						TestTargetID = E319347B20949B0F0047956F;
					};
				};
			};
			buildConfigurationList = E319347720949B0F0047956F /* Build configuration list for PBXProject "GiniChallenge" */;
			compatibilityVersion = "Xcode 9.3";
			developmentRegion = en;
			hasScannedForEncodings = 0;
			knownRegions = (
				en,
				Base,
			);
			mainGroup = E319347320949B0F0047956F;
			productRefGroup = E319347D20949B0F0047956F /* Products */;
			projectDirPath = "";
			projectRoot = "";
			targets = (
				E319347B20949B0F0047956F /* GiniChallenge */,
				E319349220949B110047956F /* GiniChallengeTests */,
			);
		};
/* End PBXProject section */

/* Begin PBXResourcesBuildPhase section */
		E319347A20949B0F0047956F /* Resources */ = {
			isa = PBXResourcesBuildPhase;
			buildActionMask = 2147483647;
			files = (
				E319348D20949B100047956F /* LaunchScreen.storyboard in Resources */,
				E319348A20949B100047956F /* Assets.xcassets in Resources */,
				E319348520949B0F0047956F /* Main.storyboard in Resources */,
			);
			runOnlyForDeploymentPostprocessing = 0;
		};
		E319349120949B110047956F /* Resources */ = {
			isa = PBXResourcesBuildPhase;
			buildActionMask = 2147483647;
			files = (
			);
			runOnlyForDeploymentPostprocessing = 0;
		};
/* End PBXResourcesBuildPhase section */

/* Begin PBXShellScriptBuildPhase section */
		4861801D2861BDC2A595ABF3 /* [CP] Embed Pods Frameworks */ = {
			isa = PBXShellScriptBuildPhase;
			buildActionMask = 2147483647;
			files = (
			);
			inputPaths = (
				"${SRCROOT}/Pods/Target Support Files/Pods-GiniChallenge/Pods-GiniChallenge-frameworks.sh",
				"${BUILT_PRODUCTS_DIR}/Alamofire/Alamofire.framework",
				"${BUILT_PRODUCTS_DIR}/HandySwift/HandySwift.framework",
				"${BUILT_PRODUCTS_DIR}/SDWebImage/SDWebImage.framework",
				"${BUILT_PRODUCTS_DIR}/XMLMapper/XMLMapper.framework",
				"${BUILT_PRODUCTS_DIR}/libwebp/libwebp.framework",
			);
			name = "[CP] Embed Pods Frameworks";
			outputPaths = (
				"${TARGET_BUILD_DIR}/${FRAMEWORKS_FOLDER_PATH}/Alamofire.framework",
				"${TARGET_BUILD_DIR}/${FRAMEWORKS_FOLDER_PATH}/HandySwift.framework",
				"${TARGET_BUILD_DIR}/${FRAMEWORKS_FOLDER_PATH}/SDWebImage.framework",
				"${TARGET_BUILD_DIR}/${FRAMEWORKS_FOLDER_PATH}/XMLMapper.framework",
				"${TARGET_BUILD_DIR}/${FRAMEWORKS_FOLDER_PATH}/libwebp.framework",
			);
			runOnlyForDeploymentPostprocessing = 0;
			shellPath = /bin/sh;
			shellScript = "\"${SRCROOT}/Pods/Target Support Files/Pods-GiniChallenge/Pods-GiniChallenge-frameworks.sh\"\n";
			showEnvVarsInLog = 0;
		};
		7EE24F163AD39494A3B1E461 /* [CP] Check Pods Manifest.lock */ = {
			isa = PBXShellScriptBuildPhase;
			buildActionMask = 2147483647;
			files = (
			);
			inputPaths = (
				"${PODS_PODFILE_DIR_PATH}/Podfile.lock",
				"${PODS_ROOT}/Manifest.lock",
			);
			name = "[CP] Check Pods Manifest.lock";
			outputPaths = (
				"$(DERIVED_FILE_DIR)/Pods-GiniChallenge-checkManifestLockResult.txt",
			);
			runOnlyForDeploymentPostprocessing = 0;
			shellPath = /bin/sh;
			shellScript = "diff \"${PODS_PODFILE_DIR_PATH}/Podfile.lock\" \"${PODS_ROOT}/Manifest.lock\" > /dev/null\nif [ $? != 0 ] ; then\n    # print error to STDERR\n    echo \"error: The sandbox is not in sync with the Podfile.lock. Run 'pod install' or update your CocoaPods installation.\" >&2\n    exit 1\nfi\n# This output is used by Xcode 'outputs' to avoid re-running this script phase.\necho \"SUCCESS\" > \"${SCRIPT_OUTPUT_FILE_0}\"\n";
			showEnvVarsInLog = 0;
		};
		A65696D2C5015DBBBFC4BEDB /* [CP] Check Pods Manifest.lock */ = {
			isa = PBXShellScriptBuildPhase;
			buildActionMask = 2147483647;
			files = (
			);
			inputPaths = (
				"${PODS_PODFILE_DIR_PATH}/Podfile.lock",
				"${PODS_ROOT}/Manifest.lock",
			);
			name = "[CP] Check Pods Manifest.lock";
			outputPaths = (
				"$(DERIVED_FILE_DIR)/Pods-GiniChallengeTests-checkManifestLockResult.txt",
			);
			runOnlyForDeploymentPostprocessing = 0;
			shellPath = /bin/sh;
			shellScript = "diff \"${PODS_PODFILE_DIR_PATH}/Podfile.lock\" \"${PODS_ROOT}/Manifest.lock\" > /dev/null\nif [ $? != 0 ] ; then\n    # print error to STDERR\n    echo \"error: The sandbox is not in sync with the Podfile.lock. Run 'pod install' or update your CocoaPods installation.\" >&2\n    exit 1\nfi\n# This output is used by Xcode 'outputs' to avoid re-running this script phase.\necho \"SUCCESS\" > \"${SCRIPT_OUTPUT_FILE_0}\"\n";
			showEnvVarsInLog = 0;
		};
/* End PBXShellScriptBuildPhase section */

/* Begin PBXSourcesBuildPhase section */
		E319347820949B0F0047956F /* Sources */ = {
			isa = PBXSourcesBuildPhase;
			buildActionMask = 2147483647;
			files = (
				E31934AC2094BA3A0047956F /* CatPicturesPresenter.swift in Sources */,
				E31934AF2094D0A50047956F /* CatPicturesViewController.swift in Sources */,
				E31934A42094A21D0047956F /* ImagesService.swift in Sources */,
				E31934A92094A9AD0047956F /* Cat.swift in Sources */,
				E3D0C7DD2094D9EF0032DB68 /* CatCollectionViewCell.swift in Sources */,
				E319348820949B0F0047956F /* GiniChallenge.xcdatamodeld in Sources */,
				E3D0C7DF2095E2F60032DB68 /* PersistantService.swift in Sources */,
				E319348020949B0F0047956F /* AppDelegate.swift in Sources */,
			);
			runOnlyForDeploymentPostprocessing = 0;
		};
		E319348F20949B110047956F /* Sources */ = {
			isa = PBXSourcesBuildPhase;
			buildActionMask = 2147483647;
			files = (
				E319349820949B110047956F /* GiniChallengeTests.swift in Sources */,
			);
			runOnlyForDeploymentPostprocessing = 0;
		};
/* End PBXSourcesBuildPhase section */

/* Begin PBXTargetDependency section */
		E319349520949B110047956F /* PBXTargetDependency */ = {
			isa = PBXTargetDependency;
			target = E319347B20949B0F0047956F /* GiniChallenge */;
			targetProxy = E319349420949B110047956F /* PBXContainerItemProxy */;
		};
/* End PBXTargetDependency section */

/* Begin PBXVariantGroup section */
		E319348320949B0F0047956F /* Main.storyboard */ = {
			isa = PBXVariantGroup;
			children = (
				E319348420949B0F0047956F /* Base */,
			);
			name = Main.storyboard;
			sourceTree = "<group>";
		};
		E319348B20949B100047956F /* LaunchScreen.storyboard */ = {
			isa = PBXVariantGroup;
			children = (
				E319348C20949B100047956F /* Base */,
			);
			name = LaunchScreen.storyboard;
			sourceTree = "<group>";
		};
/* End PBXVariantGroup section */

/* Begin XCBuildConfiguration section */
		E319349A20949B110047956F /* Debug */ = {
			isa = XCBuildConfiguration;
			buildSettings = {
				ALWAYS_SEARCH_USER_PATHS = NO;
				CLANG_ANALYZER_NONNULL = YES;
				CLANG_ANALYZER_NUMBER_OBJECT_CONVERSION = YES_AGGRESSIVE;
				CLANG_CXX_LANGUAGE_STANDARD = "gnu++14";
				CLANG_CXX_LIBRARY = "libc++";
				CLANG_ENABLE_MODULES = YES;
				CLANG_ENABLE_OBJC_ARC = YES;
				CLANG_ENABLE_OBJC_WEAK = YES;
				CLANG_WARN_BLOCK_CAPTURE_AUTORELEASING = YES;
				CLANG_WARN_BOOL_CONVERSION = YES;
				CLANG_WARN_COMMA = YES;
				CLANG_WARN_CONSTANT_CONVERSION = YES;
				CLANG_WARN_DEPRECATED_OBJC_IMPLEMENTATIONS = YES;
				CLANG_WARN_DIRECT_OBJC_ISA_USAGE = YES_ERROR;
				CLANG_WARN_DOCUMENTATION_COMMENTS = YES;
				CLANG_WARN_EMPTY_BODY = YES;
				CLANG_WARN_ENUM_CONVERSION = YES;
				CLANG_WARN_INFINITE_RECURSION = YES;
				CLANG_WARN_INT_CONVERSION = YES;
				CLANG_WARN_NON_LITERAL_NULL_CONVERSION = YES;
				CLANG_WARN_OBJC_IMPLICIT_RETAIN_SELF = YES;
				CLANG_WARN_OBJC_LITERAL_CONVERSION = YES;
				CLANG_WARN_OBJC_ROOT_CLASS = YES_ERROR;
				CLANG_WARN_RANGE_LOOP_ANALYSIS = YES;
				CLANG_WARN_STRICT_PROTOTYPES = YES;
				CLANG_WARN_SUSPICIOUS_MOVE = YES;
				CLANG_WARN_UNGUARDED_AVAILABILITY = YES_AGGRESSIVE;
				CLANG_WARN_UNREACHABLE_CODE = YES;
				CLANG_WARN__DUPLICATE_METHOD_MATCH = YES;
				CODE_SIGN_IDENTITY = "iPhone Developer";
				COPY_PHASE_STRIP = NO;
				DEBUG_INFORMATION_FORMAT = dwarf;
				ENABLE_STRICT_OBJC_MSGSEND = YES;
				ENABLE_TESTABILITY = YES;
				GCC_C_LANGUAGE_STANDARD = gnu11;
				GCC_DYNAMIC_NO_PIC = NO;
				GCC_NO_COMMON_BLOCKS = YES;
				GCC_OPTIMIZATION_LEVEL = 0;
				GCC_PREPROCESSOR_DEFINITIONS = (
					"DEBUG=1",
					"$(inherited)",
				);
				GCC_WARN_64_TO_32_BIT_CONVERSION = YES;
				GCC_WARN_ABOUT_RETURN_TYPE = YES_ERROR;
				GCC_WARN_UNDECLARED_SELECTOR = YES;
				GCC_WARN_UNINITIALIZED_AUTOS = YES_AGGRESSIVE;
				GCC_WARN_UNUSED_FUNCTION = YES;
				GCC_WARN_UNUSED_VARIABLE = YES;
				IPHONEOS_DEPLOYMENT_TARGET = 11.3;
				MTL_ENABLE_DEBUG_INFO = YES;
				ONLY_ACTIVE_ARCH = YES;
				SDKROOT = iphoneos;
				SWIFT_ACTIVE_COMPILATION_CONDITIONS = DEBUG;
				SWIFT_OPTIMIZATION_LEVEL = "-Onone";
			};
			name = Debug;
		};
		E319349B20949B110047956F /* Release */ = {
			isa = XCBuildConfiguration;
			buildSettings = {
				ALWAYS_SEARCH_USER_PATHS = NO;
				CLANG_ANALYZER_NONNULL = YES;
				CLANG_ANALYZER_NUMBER_OBJECT_CONVERSION = YES_AGGRESSIVE;
				CLANG_CXX_LANGUAGE_STANDARD = "gnu++14";
				CLANG_CXX_LIBRARY = "libc++";
				CLANG_ENABLE_MODULES = YES;
				CLANG_ENABLE_OBJC_ARC = YES;
				CLANG_ENABLE_OBJC_WEAK = YES;
				CLANG_WARN_BLOCK_CAPTURE_AUTORELEASING = YES;
				CLANG_WARN_BOOL_CONVERSION = YES;
				CLANG_WARN_COMMA = YES;
				CLANG_WARN_CONSTANT_CONVERSION = YES;
				CLANG_WARN_DEPRECATED_OBJC_IMPLEMENTATIONS = YES;
				CLANG_WARN_DIRECT_OBJC_ISA_USAGE = YES_ERROR;
				CLANG_WARN_DOCUMENTATION_COMMENTS = YES;
				CLANG_WARN_EMPTY_BODY = YES;
				CLANG_WARN_ENUM_CONVERSION = YES;
				CLANG_WARN_INFINITE_RECURSION = YES;
				CLANG_WARN_INT_CONVERSION = YES;
				CLANG_WARN_NON_LITERAL_NULL_CONVERSION = YES;
				CLANG_WARN_OBJC_IMPLICIT_RETAIN_SELF = YES;
				CLANG_WARN_OBJC_LITERAL_CONVERSION = YES;
				CLANG_WARN_OBJC_ROOT_CLASS = YES_ERROR;
				CLANG_WARN_RANGE_LOOP_ANALYSIS = YES;
				CLANG_WARN_STRICT_PROTOTYPES = YES;
				CLANG_WARN_SUSPICIOUS_MOVE = YES;
				CLANG_WARN_UNGUARDED_AVAILABILITY = YES_AGGRESSIVE;
				CLANG_WARN_UNREACHABLE_CODE = YES;
				CLANG_WARN__DUPLICATE_METHOD_MATCH = YES;
				CODE_SIGN_IDENTITY = "iPhone Developer";
				COPY_PHASE_STRIP = NO;
				DEBUG_INFORMATION_FORMAT = "dwarf-with-dsym";
				ENABLE_NS_ASSERTIONS = NO;
				ENABLE_STRICT_OBJC_MSGSEND = YES;
				GCC_C_LANGUAGE_STANDARD = gnu11;
				GCC_NO_COMMON_BLOCKS = YES;
				GCC_WARN_64_TO_32_BIT_CONVERSION = YES;
				GCC_WARN_ABOUT_RETURN_TYPE = YES_ERROR;
				GCC_WARN_UNDECLARED_SELECTOR = YES;
				GCC_WARN_UNINITIALIZED_AUTOS = YES_AGGRESSIVE;
				GCC_WARN_UNUSED_FUNCTION = YES;
				GCC_WARN_UNUSED_VARIABLE = YES;
				IPHONEOS_DEPLOYMENT_TARGET = 11.3;
				MTL_ENABLE_DEBUG_INFO = NO;
				SDKROOT = iphoneos;
				SWIFT_COMPILATION_MODE = wholemodule;
				SWIFT_OPTIMIZATION_LEVEL = "-O";
				VALIDATE_PRODUCT = YES;
			};
			name = Release;
		};
		E319349D20949B110047956F /* Debug */ = {
			isa = XCBuildConfiguration;
			baseConfigurationReference = 12CFF19AAFB3178AD1B2F916 /* Pods-GiniChallenge.debug.xcconfig */;
			buildSettings = {
				ASSETCATALOG_COMPILER_APPICON_NAME = AppIcon;
				CODE_SIGN_STYLE = Automatic;
				DEVELOPMENT_TEAM = "";
				INFOPLIST_FILE = GiniChallenge/Info.plist;
				LD_RUNPATH_SEARCH_PATHS = (
					"$(inherited)",
					"@executable_path/Frameworks",
				);
				PRODUCT_BUNDLE_IDENTIFIER = com.aj.GiniChallenge;
				PRODUCT_NAME = "$(TARGET_NAME)";
				SWIFT_VERSION = 4.0;
				TARGETED_DEVICE_FAMILY = "1,2";
			};
			name = Debug;
		};
		E319349E20949B110047956F /* Release */ = {
			isa = XCBuildConfiguration;
			baseConfigurationReference = 6BC5DC7BF69E73990293D147 /* Pods-GiniChallenge.release.xcconfig */;
			buildSettings = {
				ASSETCATALOG_COMPILER_APPICON_NAME = AppIcon;
				CODE_SIGN_STYLE = Automatic;
				DEVELOPMENT_TEAM = "";
				INFOPLIST_FILE = GiniChallenge/Info.plist;
				LD_RUNPATH_SEARCH_PATHS = (
					"$(inherited)",
					"@executable_path/Frameworks",
				);
				PRODUCT_BUNDLE_IDENTIFIER = com.aj.GiniChallenge;
				PRODUCT_NAME = "$(TARGET_NAME)";
				SWIFT_VERSION = 4.0;
				TARGETED_DEVICE_FAMILY = "1,2";
			};
			name = Release;
		};
		E31934A020949B110047956F /* Debug */ = {
			isa = XCBuildConfiguration;
			baseConfigurationReference = BF5DEE6F5EA3631AC7F302C7 /* Pods-GiniChallengeTests.debug.xcconfig */;
			buildSettings = {
				ALWAYS_EMBED_SWIFT_STANDARD_LIBRARIES = YES;
				BUNDLE_LOADER = "$(TEST_HOST)";
				CODE_SIGN_STYLE = Automatic;
				DEVELOPMENT_TEAM = GWHK9KDR43;
				INFOPLIST_FILE = GiniChallengeTests/Info.plist;
				LD_RUNPATH_SEARCH_PATHS = (
					"$(inherited)",
					"@executable_path/Frameworks",
					"@loader_path/Frameworks",
				);
				PRODUCT_BUNDLE_IDENTIFIER = com.aj.GiniChallengeTests;
				PRODUCT_NAME = "$(TARGET_NAME)";
				SWIFT_VERSION = 4.0;
				TARGETED_DEVICE_FAMILY = "1,2";
				TEST_HOST = "$(BUILT_PRODUCTS_DIR)/GiniChallenge.app/GiniChallenge";
			};
			name = Debug;
		};
		E31934A120949B110047956F /* Release */ = {
			isa = XCBuildConfiguration;
			baseConfigurationReference = 6498B110D41C52E5127390D9 /* Pods-GiniChallengeTests.release.xcconfig */;
			buildSettings = {
				ALWAYS_EMBED_SWIFT_STANDARD_LIBRARIES = YES;
				BUNDLE_LOADER = "$(TEST_HOST)";
				CODE_SIGN_STYLE = Automatic;
				DEVELOPMENT_TEAM = GWHK9KDR43;
				INFOPLIST_FILE = GiniChallengeTests/Info.plist;
				LD_RUNPATH_SEARCH_PATHS = (
					"$(inherited)",
					"@executable_path/Frameworks",
					"@loader_path/Frameworks",
				);
				PRODUCT_BUNDLE_IDENTIFIER = com.aj.GiniChallengeTests;
				PRODUCT_NAME = "$(TARGET_NAME)";
				SWIFT_VERSION = 4.0;
				TARGETED_DEVICE_FAMILY = "1,2";
				TEST_HOST = "$(BUILT_PRODUCTS_DIR)/GiniChallenge.app/GiniChallenge";
			};
			name = Release;
		};
/* End XCBuildConfiguration section */

/* Begin XCConfigurationList section */
		E319347720949B0F0047956F /* Build configuration list for PBXProject "GiniChallenge" */ = {
			isa = XCConfigurationList;
			buildConfigurations = (
				E319349A20949B110047956F /* Debug */,
				E319349B20949B110047956F /* Release */,
			);
			defaultConfigurationIsVisible = 0;
			defaultConfigurationName = Release;
		};
		E319349C20949B110047956F /* Build configuration list for PBXNativeTarget "GiniChallenge" */ = {
			isa = XCConfigurationList;
			buildConfigurations = (
				E319349D20949B110047956F /* Debug */,
				E319349E20949B110047956F /* Release */,
			);
			defaultConfigurationIsVisible = 0;
			defaultConfigurationName = Release;
		};
		E319349F20949B110047956F /* Build configuration list for PBXNativeTarget "GiniChallengeTests" */ = {
			isa = XCConfigurationList;
			buildConfigurations = (
				E31934A020949B110047956F /* Debug */,
				E31934A120949B110047956F /* Release */,
			);
			defaultConfigurationIsVisible = 0;
			defaultConfigurationName = Release;
		};
/* End XCConfigurationList section */

/* Begin XCVersionGroup section */
		E319348620949B0F0047956F /* GiniChallenge.xcdatamodeld */ = {
			isa = XCVersionGroup;
			children = (
				E319348720949B0F0047956F /* GiniChallenge.xcdatamodel */,
			);
			currentVersion = E319348720949B0F0047956F /* GiniChallenge.xcdatamodel */;
			path = GiniChallenge.xcdatamodeld;
			sourceTree = "<group>";
			versionGroupType = wrapper.xcdatamodel;
		};
/* End XCVersionGroup section */
	};
	rootObject = E319347420949B0F0047956F /* Project object */;
}
